
Microsoft Visual Studio Solution File, Format Version 12.00
# Visual Studio Version 17
VisualStudioVersion = 17.5.33530.505
MinimumVisualStudioVersion = 10.0.40219.1
Project("{8BC9CEB8-8B4A-11D0-8D11-00A0C91BC942}") = "BracketsCheckApplication", "BracketsCheckApplication\BracketsCheckApplication.vcxproj", "{6B1C1015-691B-4342-8BFA-01B58E21E7A2}"
EndProject
Project("{8BC9CEB8-8B4A-11D0-8D11-00A0C91BC942}") = "StackLibrary", "StackLibrary\StackLibrary.vcxproj", "{6E0919B3-0908-47D7-B3EB-1FF4A8ED41EE}"
EndProject
Global
	GlobalSection(SolutionConfigurationPlatforms) = preSolution
		Debug|x64 = Debug|x64
		Debug|x86 = Debug|x86
		Release|x64 = Release|x64
		Release|x86 = Release|x86
	EndGlobalSection
	GlobalSection(ProjectConfigurationPlatforms) = postSolution
		{6B1C1015-691B-4342-8BFA-01B58E21E7A2}.Debug|x64.ActiveCfg = Debug|x64
		{6B1C1015-691B-4342-8BFA-01B58E21E7A2}.Debug|x64.Build.0 = Debug|x64
		{6B1C1015-691B-4342-8BFA-01B58E21E7A2}.Debug|x86.ActiveCfg = Debug|Win32
		{6B1C1015-691B-4342-8BFA-01B58E21E7A2}.Debug|x86.Build.0 = Debug|Win32
		{6B1C1015-691B-4342-8BFA-01B58E21E7A2}.Release|x64.ActiveCfg = Release|x64
		{6B1C1015-691B-4342-8BFA-01B58E21E7A2}.Release|x64.Build.0 = Release|x64
		{6B1C1015-691B-4342-8BFA-01B58E21E7A2}.Release|x86.ActiveCfg = Release|Win32
		{6B1C1015-691B-4342-8BFA-01B58E21E7A2}.Release|x86.Build.0 = Release|Win32
		{6E0919B3-0908-47D7-B3EB-1FF4A8ED41EE}.Debug|x64.ActiveCfg = Debug|x64
		{6E0919B3-0908-47D7-B3EB-1FF4A8ED41EE}.Debug|x64.Build.0 = Debug|x64
		{6E0919B3-0908-47D7-B3EB-1FF4A8ED41EE}.Debug|x86.ActiveCfg = Debug|Win32
		{6E0919B3-0908-47D7-B3EB-1FF4A8ED41EE}.Debug|x86.Build.0 = Debug|Win32
		{6E0919B3-0908-47D7-B3EB-1FF4A8ED41EE}.Release|x64.ActiveCfg = Release|x64
		{6E0919B3-0908-47D7-B3EB-1FF4A8ED41EE}.Release|x64.Build.0 = Release|x64
		{6E0919B3-0908-47D7-B3EB-1FF4A8ED41EE}.Release|x86.ActiveCfg = Release|Win32
		{6E0919B3-0908-47D7-B3EB-1FF4A8ED41EE}.Release|x86.Build.0 = Release|Win32
	EndGlobalSection
	GlobalSection(SolutionProperties) = preSolution
		HideSolutionNode = FALSE
	EndGlobalSection
	GlobalSection(ExtensibilityGlobals) = postSolution
		SolutionGuid = {8187B7E2-03D4-4ECC-B0BD-038F846C9B09}
	EndGlobalSection
EndGlobal
